// !$*UTF8*$!
{
	archiveVersion = 1;
	classes = {
	};
	objectVersion = 50;
	objects = {

/* Begin PBXBuildFile section */
		53DE11272106BA5B00AF3772 /* AppDelegate.swift in Sources */ = {isa = PBXBuildFile; fileRef = 53DE11262106BA5B00AF3772 /* AppDelegate.swift */; };
		53DE11292106BA5B00AF3772 /* ViewController.swift in Sources */ = {isa = PBXBuildFile; fileRef = 53DE11282106BA5B00AF3772 /* ViewController.swift */; };
		53DE112C2106BA5B00AF3772 /* Main.storyboard in Resources */ = {isa = PBXBuildFile; fileRef = 53DE112A2106BA5B00AF3772 /* Main.storyboard */; };
		53DE112E2106BA6000AF3772 /* Assets.xcassets in Resources */ = {isa = PBXBuildFile; fileRef = 53DE112D2106BA6000AF3772 /* Assets.xcassets */; };
		53DE11312106BA6000AF3772 /* LaunchScreen.storyboard in Resources */ = {isa = PBXBuildFile; fileRef = 53DE112F2106BA6000AF3772 /* LaunchScreen.storyboard */; };
		53DE113C2106BA6100AF3772 /* TexansTests.swift in Sources */ = {isa = PBXBuildFile; fileRef = 53DE113B2106BA6100AF3772 /* TexansTests.swift */; };
		53DE11472106BA6100AF3772 /* TexansUITests.swift in Sources */ = {isa = PBXBuildFile; fileRef = 53DE11462106BA6100AF3772 /* TexansUITests.swift */; };
/* End PBXBuildFile section */

/* Begin PBXContainerItemProxy section */
		53DE11382106BA6100AF3772 /* PBXContainerItemProxy */ = {
			isa = PBXContainerItemProxy;
			containerPortal = 53DE111B2106BA5B00AF3772 /* Project object */;
			proxyType = 1;
			remoteGlobalIDString = 53DE11222106BA5B00AF3772;
			remoteInfo = Texans;
		};
		53DE11432106BA6100AF3772 /* PBXContainerItemProxy */ = {
			isa = PBXContainerItemProxy;
			containerPortal = 53DE111B2106BA5B00AF3772 /* Project object */;
			proxyType = 1;
			remoteGlobalIDString = 53DE11222106BA5B00AF3772;
			remoteInfo = Texans;
		};
/* End PBXContainerItemProxy section */

/* Begin PBXFileReference section */
		53DE11232106BA5B00AF3772 /* Texans.app */ = {isa = PBXFileReference; explicitFileType = wrapper.application; includeInIndex = 0; path = Texans.app; sourceTree = BUILT_PRODUCTS_DIR; };
		53DE11262106BA5B00AF3772 /* AppDelegate.swift */ = {isa = PBXFileReference; lastKnownFileType = sourcecode.swift; path = AppDelegate.swift; sourceTree = "<group>"; };
		53DE11282106BA5B00AF3772 /* ViewController.swift */ = {isa = PBXFileReference; lastKnownFileType = sourcecode.swift; path = ViewController.swift; sourceTree = "<group>"; };
		53DE112B2106BA5B00AF3772 /* Base */ = {isa = PBXFileReference; lastKnownFileType = file.storyboard; name = Base; path = Base.lproj/Main.storyboard; sourceTree = "<group>"; };
		53DE112D2106BA6000AF3772 /* Assets.xcassets */ = {isa = PBXFileReference; lastKnownFileType = folder.assetcatalog; path = Assets.xcassets; sourceTree = "<group>"; };
		53DE11302106BA6000AF3772 /* Base */ = {isa = PBXFileReference; lastKnownFileType = file.storyboard; name = Base; path = Base.lproj/LaunchScreen.storyboard; sourceTree = "<group>"; };
		53DE11322106BA6000AF3772 /* Info.plist */ = {isa = PBXFileReference; lastKnownFileType = text.plist.xml; path = Info.plist; sourceTree = "<group>"; };
		53DE11372106BA6100AF3772 /* TexansTests.xctest */ = {isa = PBXFileReference; explicitFileType = wrapper.cfbundle; includeInIndex = 0; path = TexansTests.xctest; sourceTree = BUILT_PRODUCTS_DIR; };
		53DE113B2106BA6100AF3772 /* TexansTests.swift */ = {isa = PBXFileReference; lastKnownFileType = sourcecode.swift; path = TexansTests.swift; sourceTree = "<group>"; };
		53DE113D2106BA6100AF3772 /* Info.plist */ = {isa = PBXFileReference; lastKnownFileType = text.plist.xml; path = Info.plist; sourceTree = "<group>"; };
		53DE11422106BA6100AF3772 /* TexansUITests.xctest */ = {isa = PBXFileReference; explicitFileType = wrapper.cfbundle; includeInIndex = 0; path = TexansUITests.xctest; sourceTree = BUILT_PRODUCTS_DIR; };
		53DE11462106BA6100AF3772 /* TexansUITests.swift */ = {isa = PBXFileReference; lastKnownFileType = sourcecode.swift; path = TexansUITests.swift; sourceTree = "<group>"; };
		53DE11482106BA6100AF3772 /* Info.plist */ = {isa = PBXFileReference; lastKnownFileType = text.plist.xml; path = Info.plist; sourceTree = "<group>"; };
/* End PBXFileReference section */

/* Begin PBXFrameworksBuildPhase section */
		53DE11202106BA5B00AF3772 /* Frameworks */ = {
			isa = PBXFrameworksBuildPhase;
			buildActionMask = 2147483647;
			files = (
			);
			runOnlyForDeploymentPostprocessing = 0;
		};
		53DE11342106BA6100AF3772 /* Frameworks */ = {
			isa = PBXFrameworksBuildPhase;
			buildActionMask = 2147483647;
			files = (
			);
			runOnlyForDeploymentPostprocessing = 0;
		};
		53DE113F2106BA6100AF3772 /* Frameworks */ = {
			isa = PBXFrameworksBuildPhase;
			buildActionMask = 2147483647;
			files = (
			);
			runOnlyForDeploymentPostprocessing = 0;
		};
/* End PBXFrameworksBuildPhase section */

/* Begin PBXGroup section */
		53DE111A2106BA5B00AF3772 = {
			isa = PBXGroup;
			children = (
				53DE11252106BA5B00AF3772 /* Texans */,
				53DE113A2106BA6100AF3772 /* TexansTests */,
				53DE11452106BA6100AF3772 /* TexansUITests */,
				53DE11242106BA5B00AF3772 /* Products */,
			);
			sourceTree = "<group>";
		};
		53DE11242106BA5B00AF3772 /* Products */ = {
			isa = PBXGroup;
			children = (
				53DE11232106BA5B00AF3772 /* Texans.app */,
				53DE11372106BA6100AF3772 /* TexansTests.xctest */,
				53DE11422106BA6100AF3772 /* TexansUITests.xctest */,
			);
			name = Products;
			sourceTree = "<group>";
		};
		53DE11252106BA5B00AF3772 /* Texans */ = {
			isa = PBXGroup;
			children = (
				53DE11262106BA5B00AF3772 /* AppDelegate.swift */,
				53DE11282106BA5B00AF3772 /* ViewController.swift */,
				53DE112A2106BA5B00AF3772 /* Main.storyboard */,
				53DE112D2106BA6000AF3772 /* Assets.xcassets */,
				53DE112F2106BA6000AF3772 /* LaunchScreen.storyboard */,
				53DE11322106BA6000AF3772 /* Info.plist */,
			);
			path = Texans;
			sourceTree = "<group>";
		};
		53DE113A2106BA6100AF3772 /* TexansTests */ = {
			isa = PBXGroup;
			children = (
				53DE113B2106BA6100AF3772 /* TexansTests.swift */,
				53DE113D2106BA6100AF3772 /* Info.plist */,
			);
			path = TexansTests;
			sourceTree = "<group>";
		};
		53DE11452106BA6100AF3772 /* TexansUITests */ = {
			isa = PBXGroup;
			children = (
				53DE11462106BA6100AF3772 /* TexansUITests.swift */,
				53DE11482106BA6100AF3772 /* Info.plist */,
			);
			path = TexansUITests;
			sourceTree = "<group>";
		};
/* End PBXGroup section */

/* Begin PBXNativeTarget section */
		53DE11222106BA5B00AF3772 /* Texans */ = {
			isa = PBXNativeTarget;
			buildConfigurationList = 53DE114B2106BA6100AF3772 /* Build configuration list for PBXNativeTarget "Texans" */;
			buildPhases = (
				53DE111F2106BA5B00AF3772 /* Sources */,
				53DE11202106BA5B00AF3772 /* Frameworks */,
				53DE11212106BA5B00AF3772 /* Resources */,
			);
			buildRules = (
			);
			dependencies = (
			);
			name = Texans;
			productName = Texans;
			productReference = 53DE11232106BA5B00AF3772 /* Texans.app */;
			productType = "com.apple.product-type.application";
		};
		53DE11362106BA6100AF3772 /* TexansTests */ = {
			isa = PBXNativeTarget;
			buildConfigurationList = 53DE114E2106BA6100AF3772 /* Build configuration list for PBXNativeTarget "TexansTests" */;
			buildPhases = (
				53DE11332106BA6100AF3772 /* Sources */,
				53DE11342106BA6100AF3772 /* Frameworks */,
				53DE11352106BA6100AF3772 /* Resources */,
			);
			buildRules = (
			);
			dependencies = (
				53DE11392106BA6100AF3772 /* PBXTargetDependency */,
			);
			name = TexansTests;
			productName = TexansTests;
			productReference = 53DE11372106BA6100AF3772 /* TexansTests.xctest */;
			productType = "com.apple.product-type.bundle.unit-test";
		};
		53DE11412106BA6100AF3772 /* TexansUITests */ = {
			isa = PBXNativeTarget;
			buildConfigurationList = 53DE11512106BA6100AF3772 /* Build configuration list for PBXNativeTarget "TexansUITests" */;
			buildPhases = (
				53DE113E2106BA6100AF3772 /* Sources */,
				53DE113F2106BA6100AF3772 /* Frameworks */,
				53DE11402106BA6100AF3772 /* Resources */,
			);
			buildRules = (
			);
			dependencies = (
				53DE11442106BA6100AF3772 /* PBXTargetDependency */,
			);
			name = TexansUITests;
			productName = TexansUITests;
			productReference = 53DE11422106BA6100AF3772 /* TexansUITests.xctest */;
			productType = "com.apple.product-type.bundle.ui-testing";
		};
/* End PBXNativeTarget section */

/* Begin PBXProject section */
		53DE111B2106BA5B00AF3772 /* Project object */ = {
			isa = PBXProject;
			attributes = {
				LastSwiftUpdateCheck = 0940;
				LastUpgradeCheck = 0940;
				ORGANIZATIONNAME = WaterFlower125;
				TargetAttributes = {
					53DE11222106BA5B00AF3772 = {
						CreatedOnToolsVersion = 9.4;
					};
					53DE11362106BA6100AF3772 = {
						CreatedOnToolsVersion = 9.4;
						TestTargetID = 53DE11222106BA5B00AF3772;
					};
					53DE11412106BA6100AF3772 = {
						CreatedOnToolsVersion = 9.4;
						TestTargetID = 53DE11222106BA5B00AF3772;
					};
				};
			};
			buildConfigurationList = 53DE111E2106BA5B00AF3772 /* Build configuration list for PBXProject "Texans" */;
			compatibilityVersion = "Xcode 9.3";
			developmentRegion = en;
			hasScannedForEncodings = 0;
			knownRegions = (
				en,
				Base,
			);
			mainGroup = 53DE111A2106BA5B00AF3772;
			productRefGroup = 53DE11242106BA5B00AF3772 /* Products */;
			projectDirPath = "";
			projectRoot = "";
			targets = (
				53DE11222106BA5B00AF3772 /* Texans */,
				53DE11362106BA6100AF3772 /* TexansTests */,
				53DE11412106BA6100AF3772 /* TexansUITests */,
			);
		};
/* End PBXProject section */

/* Begin PBXResourcesBuildPhase section */
		53DE11212106BA5B00AF3772 /* Resources */ = {
			isa = PBXResourcesBuildPhase;
			buildActionMask = 2147483647;
			files = (
				53DE11312106BA6000AF3772 /* LaunchScreen.storyboard in Resources */,
				53DE112E2106BA6000AF3772 /* Assets.xcassets in Resources */,
				53DE112C2106BA5B00AF3772 /* Main.storyboard in Resources */,
			);
			runOnlyForDeploymentPostprocessing = 0;
		};
		53DE11352106BA6100AF3772 /* Resources */ = {
			isa = PBXResourcesBuildPhase;
			buildActionMask = 2147483647;
			files = (
			);
			runOnlyForDeploymentPostprocessing = 0;
		};
		53DE11402106BA6100AF3772 /* Resources */ = {
			isa = PBXResourcesBuildPhase;
			buildActionMask = 2147483647;
			files = (
			);
			runOnlyForDeploymentPostprocessing = 0;
		};
/* End PBXResourcesBuildPhase section */

/* Begin PBXSourcesBuildPhase section */
		53DE111F2106BA5B00AF3772 /* Sources */ = {
			isa = PBXSourcesBuildPhase;
			buildActionMask = 2147483647;
			files = (
				53DE11292106BA5B00AF3772 /* ViewController.swift in Sources */,
				53DE11272106BA5B00AF3772 /* AppDelegate.swift in Sources */,
			);
			runOnlyForDeploymentPostprocessing = 0;
		};
		53DE11332106BA6100AF3772 /* Sources */ = {
			isa = PBXSourcesBuildPhase;
			buildActionMask = 2147483647;
			files = (
				53DE113C2106BA6100AF3772 /* TexansTests.swift in Sources */,
			);
			runOnlyForDeploymentPostprocessing = 0;
		};
		53DE113E2106BA6100AF3772 /* Sources */ = {
			isa = PBXSourcesBuildPhase;
			buildActionMask = 2147483647;
			files = (
				53DE11472106BA6100AF3772 /* TexansUITests.swift in Sources */,
			);
			runOnlyForDeploymentPostprocessing = 0;
		};
/* End PBXSourcesBuildPhase section */

/* Begin PBXTargetDependency section */
		53DE11392106BA6100AF3772 /* PBXTargetDependency */ = {
			isa = PBXTargetDependency;
			target = 53DE11222106BA5B00AF3772 /* Texans */;
			targetProxy = 53DE11382106BA6100AF3772 /* PBXContainerItemProxy */;
		};
		53DE11442106BA6100AF3772 /* PBXTargetDependency */ = {
			isa = PBXTargetDependency;
			target = 53DE11222106BA5B00AF3772 /* Texans */;
			targetProxy = 53DE11432106BA6100AF3772 /* PBXContainerItemProxy */;
		};
/* End PBXTargetDependency section */

/* Begin PBXVariantGroup section */
		53DE112A2106BA5B00AF3772 /* Main.storyboard */ = {
			isa = PBXVariantGroup;
			children = (
				53DE112B2106BA5B00AF3772 /* Base */,
			);
			name = Main.storyboard;
			sourceTree = "<group>";
		};
		53DE112F2106BA6000AF3772 /* LaunchScreen.storyboard */ = {
			isa = PBXVariantGroup;
			children = (
				53DE11302106BA6000AF3772 /* Base */,
			);
			name = LaunchScreen.storyboard;
			sourceTree = "<group>";
		};
/* End PBXVariantGroup section */

/* Begin XCBuildConfiguration section */
		53DE11492106BA6100AF3772 /* Debug */ = {
			isa = XCBuildConfiguration;
			buildSettings = {
				ALWAYS_SEARCH_USER_PATHS = NO;
				CLANG_ANALYZER_NONNULL = YES;
				CLANG_ANALYZER_NUMBER_OBJECT_CONVERSION = YES_AGGRESSIVE;
				CLANG_CXX_LANGUAGE_STANDARD = "gnu++14";
				CLANG_CXX_LIBRARY = "libc++";
				CLANG_ENABLE_MODULES = YES;
				CLANG_ENABLE_OBJC_ARC = YES;
				CLANG_ENABLE_OBJC_WEAK = YES;
				CLANG_WARN_BLOCK_CAPTURE_AUTORELEASING = YES;
				CLANG_WARN_BOOL_CONVERSION = YES;
				CLANG_WARN_COMMA = YES;
				CLANG_WARN_CONSTANT_CONVERSION = YES;
				CLANG_WARN_DEPRECATED_OBJC_IMPLEMENTATIONS = YES;
				CLANG_WARN_DIRECT_OBJC_ISA_USAGE = YES_ERROR;
				CLANG_WARN_DOCUMENTATION_COMMENTS = YES;
				CLANG_WARN_EMPTY_BODY = YES;
				CLANG_WARN_ENUM_CONVERSION = YES;
				CLANG_WARN_INFINITE_RECURSION = YES;
				CLANG_WARN_INT_CONVERSION = YES;
				CLANG_WARN_NON_LITERAL_NULL_CONVERSION = YES;
				CLANG_WARN_OBJC_IMPLICIT_RETAIN_SELF = YES;
				CLANG_WARN_OBJC_LITERAL_CONVERSION = YES;
				CLANG_WARN_OBJC_ROOT_CLASS = YES_ERROR;
				CLANG_WARN_RANGE_LOOP_ANALYSIS = YES;
				CLANG_WARN_STRICT_PROTOTYPES = YES;
				CLANG_WARN_SUSPICIOUS_MOVE = YES;
				CLANG_WARN_UNGUARDED_AVAILABILITY = YES_AGGRESSIVE;
				CLANG_WARN_UNREACHABLE_CODE = YES;
				CLANG_WARN__DUPLICATE_METHOD_MATCH = YES;
				CODE_SIGN_IDENTITY = "iPhone Developer";
				COPY_PHASE_STRIP = NO;
				DEBUG_INFORMATION_FORMAT = dwarf;
				ENABLE_STRICT_OBJC_MSGSEND = YES;
				ENABLE_TESTABILITY = YES;
				GCC_C_LANGUAGE_STANDARD = gnu11;
				GCC_DYNAMIC_NO_PIC = NO;
				GCC_NO_COMMON_BLOCKS = YES;
				GCC_OPTIMIZATION_LEVEL = 0;
				GCC_PREPROCESSOR_DEFINITIONS = (
					"DEBUG=1",
					"$(inherited)",
				);
				GCC_WARN_64_TO_32_BIT_CONVERSION = YES;
				GCC_WARN_ABOUT_RETURN_TYPE = YES_ERROR;
				GCC_WARN_UNDECLARED_SELECTOR = YES;
				GCC_WARN_UNINITIALIZED_AUTOS = YES_AGGRESSIVE;
				GCC_WARN_UNUSED_FUNCTION = YES;
				GCC_WARN_UNUSED_VARIABLE = YES;
				IPHONEOS_DEPLOYMENT_TARGET = 11.4;
				MTL_ENABLE_DEBUG_INFO = YES;
				ONLY_ACTIVE_ARCH = YES;
				SDKROOT = iphoneos;
				SWIFT_ACTIVE_COMPILATION_CONDITIONS = DEBUG;
				SWIFT_OPTIMIZATION_LEVEL = "-Onone";
			};
			name = Debug;
		};
		53DE114A2106BA6100AF3772 /* Release */ = {
			isa = XCBuildConfiguration;
			buildSettings = {
				ALWAYS_SEARCH_USER_PATHS = NO;
				CLANG_ANALYZER_NONNULL = YES;
				CLANG_ANALYZER_NUMBER_OBJECT_CONVERSION = YES_AGGRESSIVE;
				CLANG_CXX_LANGUAGE_STANDARD = "gnu++14";
				CLANG_CXX_LIBRARY = "libc++";
				CLANG_ENABLE_MODULES = YES;
				CLANG_ENABLE_OBJC_ARC = YES;
				CLANG_ENABLE_OBJC_WEAK = YES;
				CLANG_WARN_BLOCK_CAPTURE_AUTORELEASING = YES;
				CLANG_WARN_BOOL_CONVERSION = YES;
				CLANG_WARN_COMMA = YES;
				CLANG_WARN_CONSTANT_CONVERSION = YES;
				CLANG_WARN_DEPRECATED_OBJC_IMPLEMENTATIONS = YES;
				CLANG_WARN_DIRECT_OBJC_ISA_USAGE = YES_ERROR;
				CLANG_WARN_DOCUMENTATION_COMMENTS = YES;
				CLANG_WARN_EMPTY_BODY = YES;
				CLANG_WARN_ENUM_CONVERSION = YES;
				CLANG_WARN_INFINITE_RECURSION = YES;
				CLANG_WARN_INT_CONVERSION = YES;
				CLANG_WARN_NON_LITERAL_NULL_CONVERSION = YES;
				CLANG_WARN_OBJC_IMPLICIT_RETAIN_SELF = YES;
				CLANG_WARN_OBJC_LITERAL_CONVERSION = YES;
				CLANG_WARN_OBJC_ROOT_CLASS = YES_ERROR;
				CLANG_WARN_RANGE_LOOP_ANALYSIS = YES;
				CLANG_WARN_STRICT_PROTOTYPES = YES;
				CLANG_WARN_SUSPICIOUS_MOVE = YES;
				CLANG_WARN_UNGUARDED_AVAILABILITY = YES_AGGRESSIVE;
				CLANG_WARN_UNREACHABLE_CODE = YES;
				CLANG_WARN__DUPLICATE_METHOD_MATCH = YES;
				CODE_SIGN_IDENTITY = "iPhone Developer";
				COPY_PHASE_STRIP = NO;
				DEBUG_INFORMATION_FORMAT = "dwarf-with-dsym";
				ENABLE_NS_ASSERTIONS = NO;
				ENABLE_STRICT_OBJC_MSGSEND = YES;
				GCC_C_LANGUAGE_STANDARD = gnu11;
				GCC_NO_COMMON_BLOCKS = YES;
				GCC_WARN_64_TO_32_BIT_CONVERSION = YES;
				GCC_WARN_ABOUT_RETURN_TYPE = YES_ERROR;
				GCC_WARN_UNDECLARED_SELECTOR = YES;
				GCC_WARN_UNINITIALIZED_AUTOS = YES_AGGRESSIVE;
				GCC_WARN_UNUSED_FUNCTION = YES;
				GCC_WARN_UNUSED_VARIABLE = YES;
				IPHONEOS_DEPLOYMENT_TARGET = 11.4;
				MTL_ENABLE_DEBUG_INFO = NO;
				SDKROOT = iphoneos;
				SWIFT_COMPILATION_MODE = wholemodule;
				SWIFT_OPTIMIZATION_LEVEL = "-O";
				VALIDATE_PRODUCT = YES;
			};
			name = Release;
		};
		53DE114C2106BA6100AF3772 /* Debug */ = {
			isa = XCBuildConfiguration;
			buildSettings = {
				ASSETCATALOG_COMPILER_APPICON_NAME = AppIcon;
				CODE_SIGN_STYLE = Automatic;
				DEVELOPMENT_TEAM = PG4RA6T7V4;
				INFOPLIST_FILE = Texans/Info.plist;
				LD_RUNPATH_SEARCH_PATHS = (
					"$(inherited)",
					"@executable_path/Frameworks",
				);
				PRODUCT_BUNDLE_IDENTIFIER = waterflower.Texans;
				PRODUCT_NAME = "$(TARGET_NAME)";
				SWIFT_VERSION = 4.0;
				TARGETED_DEVICE_FAMILY = "1,2";
			};
			name = Debug;
		};
		53DE114D2106BA6100AF3772 /* Release */ = {
			isa = XCBuildConfiguration;
			buildSettings = {
				ASSETCATALOG_COMPILER_APPICON_NAME = AppIcon;
				CODE_SIGN_STYLE = Automatic;
				DEVELOPMENT_TEAM = PG4RA6T7V4;
				INFOPLIST_FILE = Texans/Info.plist;
				LD_RUNPATH_SEARCH_PATHS = (
					"$(inherited)",
					"@executable_path/Frameworks",
				);
				PRODUCT_BUNDLE_IDENTIFIER = waterflower.Texans;
				PRODUCT_NAME = "$(TARGET_NAME)";
				SWIFT_VERSION = 4.0;
				TARGETED_DEVICE_FAMILY = "1,2";
			};
			name = Release;
		};
		53DE114F2106BA6100AF3772 /* Debug */ = {
			isa = XCBuildConfiguration;
			buildSettings = {
				ALWAYS_EMBED_SWIFT_STANDARD_LIBRARIES = YES;
				BUNDLE_LOADER = "$(TEST_HOST)";
				CODE_SIGN_STYLE = Automatic;
				DEVELOPMENT_TEAM = PG4RA6T7V4;
				INFOPLIST_FILE = TexansTests/Info.plist;
				LD_RUNPATH_SEARCH_PATHS = (
					"$(inherited)",
					"@executable_path/Frameworks",
					"@loader_path/Frameworks",
				);
				PRODUCT_BUNDLE_IDENTIFIER = waterflower.TexansTests;
				PRODUCT_NAME = "$(TARGET_NAME)";
				SWIFT_VERSION = 4.0;
				TARGETED_DEVICE_FAMILY = "1,2";
				TEST_HOST = "$(BUILT_PRODUCTS_DIR)/Texans.app/Texans";
			};
			name = Debug;
		};
		53DE11502106BA6100AF3772 /* Release */ = {
			isa = XCBuildConfiguration;
			buildSettings = {
				ALWAYS_EMBED_SWIFT_STANDARD_LIBRARIES = YES;
				BUNDLE_LOADER = "$(TEST_HOST)";
				CODE_SIGN_STYLE = Automatic;
				DEVELOPMENT_TEAM = PG4RA6T7V4;
				INFOPLIST_FILE = TexansTests/Info.plist;
				LD_RUNPATH_SEARCH_PATHS = (
					"$(inherited)",
					"@executable_path/Frameworks",
					"@loader_path/Frameworks",
				);
				PRODUCT_BUNDLE_IDENTIFIER = waterflower.TexansTests;
				PRODUCT_NAME = "$(TARGET_NAME)";
				SWIFT_VERSION = 4.0;
				TARGETED_DEVICE_FAMILY = "1,2";
				TEST_HOST = "$(BUILT_PRODUCTS_DIR)/Texans.app/Texans";
			};
			name = Release;
		};
		53DE11522106BA6100AF3772 /* Debug */ = {
			isa = XCBuildConfiguration;
			buildSettings = {
				ALWAYS_EMBED_SWIFT_STANDARD_LIBRARIES = YES;
				CODE_SIGN_STYLE = Automatic;
				DEVELOPMENT_TEAM = PG4RA6T7V4;
				INFOPLIST_FILE = TexansUITests/Info.plist;
				LD_RUNPATH_SEARCH_PATHS = (
					"$(inherited)",
					"@executable_path/Frameworks",
					"@loader_path/Frameworks",
				);
				PRODUCT_BUNDLE_IDENTIFIER = waterflower.TexansUITests;
				PRODUCT_NAME = "$(TARGET_NAME)";
				SWIFT_VERSION = 4.0;
				TARGETED_DEVICE_FAMILY = "1,2";
				TEST_TARGET_NAME = Texans;
			};
			name = Debug;
		};
		53DE11532106BA6100AF3772 /* Release */ = {
			isa = XCBuildConfiguration;
			buildSettings = {
				ALWAYS_EMBED_SWIFT_STANDARD_LIBRARIES = YES;
				CODE_SIGN_STYLE = Automatic;
				DEVELOPMENT_TEAM = PG4RA6T7V4;
				INFOPLIST_FILE = TexansUITests/Info.plist;
				LD_RUNPATH_SEARCH_PATHS = (
					"$(inherited)",
					"@executable_path/Frameworks",
					"@loader_path/Frameworks",
				);
				PRODUCT_BUNDLE_IDENTIFIER = waterflower.TexansUITests;
				PRODUCT_NAME = "$(TARGET_NAME)";
				SWIFT_VERSION = 4.0;
				TARGETED_DEVICE_FAMILY = "1,2";
				TEST_TARGET_NAME = Texans;
			};
			name = Release;
		};
/* End XCBuildConfiguration section */

/* Begin XCConfigurationList section */
		53DE111E2106BA5B00AF3772 /* Build configuration list for PBXProject "Texans" */ = {
			isa = XCConfigurationList;
			buildConfigurations = (
				53DE11492106BA6100AF3772 /* Debug */,
				53DE114A2106BA6100AF3772 /* Release */,
			);
			defaultConfigurationIsVisible = 0;
			defaultConfigurationName = Release;
		};
		53DE114B2106BA6100AF3772 /* Build configuration list for PBXNativeTarget "Texans" */ = {
			isa = XCConfigurationList;
			buildConfigurations = (
				53DE114C2106BA6100AF3772 /* Debug */,
				53DE114D2106BA6100AF3772 /* Release */,
			);
			defaultConfigurationIsVisible = 0;
			defaultConfigurationName = Release;
		};
		53DE114E2106BA6100AF3772 /* Build configuration list for PBXNativeTarget "TexansTests" */ = {
			isa = XCConfigurationList;
			buildConfigurations = (
				53DE114F2106BA6100AF3772 /* Debug */,
				53DE11502106BA6100AF3772 /* Release */,
			);
			defaultConfigurationIsVisible = 0;
			defaultConfigurationName = Release;
		};
		53DE11512106BA6100AF3772 /* Build configuration list for PBXNativeTarget "TexansUITests" */ = {
			isa = XCConfigurationList;
			buildConfigurations = (
				53DE11522106BA6100AF3772 /* Debug */,
				53DE11532106BA6100AF3772 /* Release */,
			);
			defaultConfigurationIsVisible = 0;
			defaultConfigurationName = Release;
		};
/* End XCConfigurationList section */
	};
	rootObject = 53DE111B2106BA5B00AF3772 /* Project object */;
}
